[{<<"common">>,
  {git,"https://github.com/joq62/common.git",
       {ref,"3ef9e519a620c17564da6a308c7d754b7fc50453"}},
  0},
 {<<"db_etcd">>,
  {git,"https://github.com/joq62/db_etcd.git",
       {ref,"4a41011c67c31e0bf74bd5ea56b48713630f1fb3"}},
  0},
 {<<"nodelog">>,
  {git,"https://github.com/joq62/nodelog.git",
       {ref,"d34d1ba75205b84987de16959058d3788da6d9ea"}},
  0},
 {<<"resource_discovery">>,
  {git,"https://github.com/joq62/resource_discovery.git",
       {ref,"255b8277f58037b65e023ffee6aaf0a59f6b0156"}},
  0}].
