[{<<"common">>,
  {git,"https://github.com/joq62/common.git",
       {ref,"9d7273c4bf9e504508ec1ce6581a2b105a77591d"}},
  0},
 {<<"db_etcd">>,
  {git,"https://github.com/joq62/db_etcd.git",
       {ref,"e812f75665d277235593683ef79b8d3829d79747"}},
  0},
 {<<"nodelog">>,
  {git,"https://github.com/joq62/nodelog.git",
       {ref,"d34d1ba75205b84987de16959058d3788da6d9ea"}},
  0},
 {<<"resource_discovery">>,
  {git,"https://github.com/joq62/resource_discovery.git",
       {ref,"b3ee08ef3e146b82e71e26bcf4688d6cd2608aec"}},
  0}].
